name: Generate ESLint lockfile

on:
  push:
    branches:
      - fix/eslint-next16

permissions:
  contents: read

jobs:
  generate-lock:
    runs-on: ubuntu-latest
    steps:
      - uses: actions/checkout@v7
      - uses: actions/setup-node@v7
        with:
          node-version: '22'
          cache: npm
      - name: Regenerate package-lock
        run: npm install --package-lock-only --ignore-scripts
      - uses: actions/upload-artifact@v4
        with:
          name: eslint-package-lock
          path: package-lock.json
